
Microsoft Visual Studio Solution File, Format Version 12.00
# Visual Studio Version 16
VisualStudioVersion = 16.0.29905.134
MinimumVisualStudioVersion = 10.0.40219.1
Project("{FAE04EC0-301F-11D3-BF4B-00C04F79EFBC}") = "CTRL_ALT_DELETE_Enabled_Checker", "CTRL_ALT_DELETE_Enabled_Checker\CTRL_ALT_DELETE_Enabled_Checker.csproj", "{F5FC1468-9147-48EE-B14B-3EFD556C8DD0}"
EndProject
Project("{FAE04EC0-301F-11D3-BF4B-00C04F79EFBC}") = "UnitTest_CAD_Project", "UnitTest_CAD_Project\UnitTest_CAD_Project.csproj", "{01F1C057-A317-4AA4-AB87-DD950BD138C0}"
EndProject
Project("{2150E333-8FDC-42A3-9474-1A3956D46DE8}") = "Solution Items", "Solution Items", "{20E63CD1-62A6-4386-A06C-4CAB43AAED94}"
EndProject
Global
	GlobalSection(SolutionConfigurationPlatforms) = preSolution
		Debug|Any CPU = Debug|Any CPU
		Release|Any CPU = Release|Any CPU
	EndGlobalSection
	GlobalSection(ProjectConfigurationPlatforms) = postSolution
		{F5FC1468-9147-48EE-B14B-3EFD556C8DD0}.Debug|Any CPU.ActiveCfg = Debug|Any CPU
		{F5FC1468-9147-48EE-B14B-3EFD556C8DD0}.Debug|Any CPU.Build.0 = Debug|Any CPU
		{F5FC1468-9147-48EE-B14B-3EFD556C8DD0}.Release|Any CPU.ActiveCfg = Release|Any CPU
		{F5FC1468-9147-48EE-B14B-3EFD556C8DD0}.Release|Any CPU.Build.0 = Release|Any CPU
		{01F1C057-A317-4AA4-AB87-DD950BD138C0}.Debug|Any CPU.ActiveCfg = Debug|Any CPU
		{01F1C057-A317-4AA4-AB87-DD950BD138C0}.Debug|Any CPU.Build.0 = Debug|Any CPU
		{01F1C057-A317-4AA4-AB87-DD950BD138C0}.Release|Any CPU.ActiveCfg = Release|Any CPU
		{01F1C057-A317-4AA4-AB87-DD950BD138C0}.Release|Any CPU.Build.0 = Release|Any CPU
	EndGlobalSection
	GlobalSection(SolutionProperties) = preSolution
		HideSolutionNode = FALSE
	EndGlobalSection
	GlobalSection(ExtensibilityGlobals) = postSolution
		SolutionGuid = {DD25646F-4013-4E37-B04B-B48DCDB14759}
	EndGlobalSection
EndGlobal
